
Microsoft Visual Studio Solution File, Format Version 12.00
# Visual Studio Version 16
VisualStudioVersion = 16.0.31019.35
MinimumVisualStudioVersion = 10.0.40219.1
Project("{FAE04EC0-301F-11D3-BF4B-00C04F79EFBC}") = "ExURI1016", "ExURI1016\ExURI1016.csproj", "{92F6C357-027A-423D-A8C7-84D536EE9175}"
EndProject
Global
	GlobalSection(SolutionConfigurationPlatforms) = preSolution
		Debug|Any CPU = Debug|Any CPU
		Release|Any CPU = Release|Any CPU
	EndGlobalSection
	GlobalSection(ProjectConfigurationPlatforms) = postSolution
		{92F6C357-027A-423D-A8C7-84D536EE9175}.Debug|Any CPU.ActiveCfg = Debug|Any CPU
		{92F6C357-027A-423D-A8C7-84D536EE9175}.Debug|Any CPU.Build.0 = Debug|Any CPU
		{92F6C357-027A-423D-A8C7-84D536EE9175}.Release|Any CPU.ActiveCfg = Release|Any CPU
		{92F6C357-027A-423D-A8C7-84D536EE9175}.Release|Any CPU.Build.0 = Release|Any CPU
	EndGlobalSection
	GlobalSection(SolutionProperties) = preSolution
		HideSolutionNode = FALSE
	EndGlobalSection
	GlobalSection(ExtensibilityGlobals) = postSolution
		SolutionGuid = {3EE62482-97FC-4A42-9B30-0BC1989D5CFA}
	EndGlobalSection
EndGlobal
