
Microsoft Visual Studio Solution File, Format Version 12.00
# Visual Studio Version 16
VisualStudioVersion = 16.0.31019.35
MinimumVisualStudioVersion = 10.0.40219.1
Project("{FAE04EC0-301F-11D3-BF4B-00C04F79EFBC}") = "ExURI1007", "ExURI1007\ExURI1007.csproj", "{AFD30F83-1DF1-4FF7-938B-05A23A0CBEE2}"
EndProject
Global
	GlobalSection(SolutionConfigurationPlatforms) = preSolution
		Debug|Any CPU = Debug|Any CPU
		Release|Any CPU = Release|Any CPU
	EndGlobalSection
	GlobalSection(ProjectConfigurationPlatforms) = postSolution
		{AFD30F83-1DF1-4FF7-938B-05A23A0CBEE2}.Debug|Any CPU.ActiveCfg = Debug|Any CPU
		{AFD30F83-1DF1-4FF7-938B-05A23A0CBEE2}.Debug|Any CPU.Build.0 = Debug|Any CPU
		{AFD30F83-1DF1-4FF7-938B-05A23A0CBEE2}.Release|Any CPU.ActiveCfg = Release|Any CPU
		{AFD30F83-1DF1-4FF7-938B-05A23A0CBEE2}.Release|Any CPU.Build.0 = Release|Any CPU
	EndGlobalSection
	GlobalSection(SolutionProperties) = preSolution
		HideSolutionNode = FALSE
	EndGlobalSection
	GlobalSection(ExtensibilityGlobals) = postSolution
		SolutionGuid = {815CC066-B950-402F-B9CE-ABAAC8D22F62}
	EndGlobalSection
EndGlobal
