
Microsoft Visual Studio Solution File, Format Version 12.00
# Visual Studio Version 16
VisualStudioVersion = 16.0.31019.35
MinimumVisualStudioVersion = 10.0.40219.1
Project("{FAE04EC0-301F-11D3-BF4B-00C04F79EFBC}") = "ExURI1001", "ExURI1001\ExURI1001.csproj", "{D311FA31-C009-477F-80C1-3F9945621A73}"
EndProject
Global
	GlobalSection(SolutionConfigurationPlatforms) = preSolution
		Debug|Any CPU = Debug|Any CPU
		Release|Any CPU = Release|Any CPU
	EndGlobalSection
	GlobalSection(ProjectConfigurationPlatforms) = postSolution
		{D311FA31-C009-477F-80C1-3F9945621A73}.Debug|Any CPU.ActiveCfg = Debug|Any CPU
		{D311FA31-C009-477F-80C1-3F9945621A73}.Debug|Any CPU.Build.0 = Debug|Any CPU
		{D311FA31-C009-477F-80C1-3F9945621A73}.Release|Any CPU.ActiveCfg = Release|Any CPU
		{D311FA31-C009-477F-80C1-3F9945621A73}.Release|Any CPU.Build.0 = Release|Any CPU
	EndGlobalSection
	GlobalSection(SolutionProperties) = preSolution
		HideSolutionNode = FALSE
	EndGlobalSection
	GlobalSection(ExtensibilityGlobals) = postSolution
		SolutionGuid = {5CAF8E4A-5465-40F0-8C58-DA697BE16528}
	EndGlobalSection
EndGlobal
