
Microsoft Visual Studio Solution File, Format Version 12.00
# Visual Studio Version 16
VisualStudioVersion = 16.0.31019.35
MinimumVisualStudioVersion = 10.0.40219.1
Project("{FAE04EC0-301F-11D3-BF4B-00C04F79EFBC}") = "ExURI1003", "ExURI1003\ExURI1003.csproj", "{4D64A02E-2DC9-44E6-9A08-1E933065A7E1}"
EndProject
Global
	GlobalSection(SolutionConfigurationPlatforms) = preSolution
		Debug|Any CPU = Debug|Any CPU
		Release|Any CPU = Release|Any CPU
	EndGlobalSection
	GlobalSection(ProjectConfigurationPlatforms) = postSolution
		{4D64A02E-2DC9-44E6-9A08-1E933065A7E1}.Debug|Any CPU.ActiveCfg = Debug|Any CPU
		{4D64A02E-2DC9-44E6-9A08-1E933065A7E1}.Debug|Any CPU.Build.0 = Debug|Any CPU
		{4D64A02E-2DC9-44E6-9A08-1E933065A7E1}.Release|Any CPU.ActiveCfg = Release|Any CPU
		{4D64A02E-2DC9-44E6-9A08-1E933065A7E1}.Release|Any CPU.Build.0 = Release|Any CPU
	EndGlobalSection
	GlobalSection(SolutionProperties) = preSolution
		HideSolutionNode = FALSE
	EndGlobalSection
	GlobalSection(ExtensibilityGlobals) = postSolution
		SolutionGuid = {57013F63-9ABF-4316-B880-B7F720D3AB2E}
	EndGlobalSection
EndGlobal
